
Microsoft Visual Studio Solution File, Format Version 12.00
# Visual Studio Version 16
VisualStudioVersion = 16.0.29424.173
MinimumVisualStudioVersion = 10.0.40219.1
Project("{8BC9CEB8-8B4A-11D0-8D11-00A0C91BC942}") = "virtual_network", "virtual_network\virtual_network.vcxproj", "{E7A2461D-8F30-4942-A70B-1CB4D9CDB8BF}"
EndProject
Global
	GlobalSection(SolutionConfigurationPlatforms) = preSolution
		Debug|x64 = Debug|x64
		Debug|x86 = Debug|x86
		Release|x64 = Release|x64
		Release|x86 = Release|x86
	EndGlobalSection
	GlobalSection(ProjectConfigurationPlatforms) = postSolution
		{E7A2461D-8F30-4942-A70B-1CB4D9CDB8BF}.Debug|x64.ActiveCfg = Debug|x64
		{E7A2461D-8F30-4942-A70B-1CB4D9CDB8BF}.Debug|x64.Build.0 = Debug|x64
		{E7A2461D-8F30-4942-A70B-1CB4D9CDB8BF}.Debug|x86.ActiveCfg = Debug|Win32
		{E7A2461D-8F30-4942-A70B-1CB4D9CDB8BF}.Debug|x86.Build.0 = Debug|Win32
		{E7A2461D-8F30-4942-A70B-1CB4D9CDB8BF}.Release|x64.ActiveCfg = Release|x64
		{E7A2461D-8F30-4942-A70B-1CB4D9CDB8BF}.Release|x64.Build.0 = Release|x64
		{E7A2461D-8F30-4942-A70B-1CB4D9CDB8BF}.Release|x86.ActiveCfg = Release|Win32
		{E7A2461D-8F30-4942-A70B-1CB4D9CDB8BF}.Release|x86.Build.0 = Release|Win32
	EndGlobalSection
	GlobalSection(SolutionProperties) = preSolution
		HideSolutionNode = FALSE
	EndGlobalSection
	GlobalSection(ExtensibilityGlobals) = postSolution
		SolutionGuid = {1DC12D58-46A5-4C9D-8F49-D0FF5AF73FA0}
	EndGlobalSection
EndGlobal
